
Microsoft Visual Studio Solution File, Format Version 12.00
# Visual Studio 15
VisualStudioVersion = 15.0.27004.2005
MinimumVisualStudioVersion = 10.0.40219.1
Project("{FAE04EC0-301F-11D3-BF4B-00C04F79EFBC}") = "RemotePic", "RemotePic\RemotePic.csproj", "{4A7B45C3-56BF-4733-A778-B000E8716283}"
EndProject
Project("{FAE04EC0-301F-11D3-BF4B-00C04F79EFBC}") = "RemotePicServer", "RemotePicClient\RemotePicServer.csproj", "{533D8BD5-BBC6-4F7E-9161-D42038355326}"
EndProject
Project("{FAE04EC0-301F-11D3-BF4B-00C04F79EFBC}") = "UnitTestProject1", "UnitTestProject1\UnitTestProject1.csproj", "{2E309914-18AB-42B2-85E5-B131CD97D568}"
EndProject
Global
	GlobalSection(SolutionConfigurationPlatforms) = preSolution
		Debug|Any CPU = Debug|Any CPU
		Release|Any CPU = Release|Any CPU
	EndGlobalSection
	GlobalSection(ProjectConfigurationPlatforms) = postSolution
		{4A7B45C3-56BF-4733-A778-B000E8716283}.Debug|Any CPU.ActiveCfg = Debug|Any CPU
		{4A7B45C3-56BF-4733-A778-B000E8716283}.Debug|Any CPU.Build.0 = Debug|Any CPU
		{4A7B45C3-56BF-4733-A778-B000E8716283}.Release|Any CPU.ActiveCfg = Release|Any CPU
		{4A7B45C3-56BF-4733-A778-B000E8716283}.Release|Any CPU.Build.0 = Release|Any CPU
		{533D8BD5-BBC6-4F7E-9161-D42038355326}.Debug|Any CPU.ActiveCfg = Debug|Any CPU
		{533D8BD5-BBC6-4F7E-9161-D42038355326}.Debug|Any CPU.Build.0 = Debug|Any CPU
		{533D8BD5-BBC6-4F7E-9161-D42038355326}.Release|Any CPU.ActiveCfg = Release|Any CPU
		{533D8BD5-BBC6-4F7E-9161-D42038355326}.Release|Any CPU.Build.0 = Release|Any CPU
		{2E309914-18AB-42B2-85E5-B131CD97D568}.Debug|Any CPU.ActiveCfg = Debug|Any CPU
		{2E309914-18AB-42B2-85E5-B131CD97D568}.Debug|Any CPU.Build.0 = Debug|Any CPU
		{2E309914-18AB-42B2-85E5-B131CD97D568}.Release|Any CPU.ActiveCfg = Release|Any CPU
		{2E309914-18AB-42B2-85E5-B131CD97D568}.Release|Any CPU.Build.0 = Release|Any CPU
	EndGlobalSection
	GlobalSection(SolutionProperties) = preSolution
		HideSolutionNode = FALSE
	EndGlobalSection
	GlobalSection(ExtensibilityGlobals) = postSolution
		SolutionGuid = {80591ADF-EB47-496C-9287-141ACBB763CE}
	EndGlobalSection
EndGlobal
